Microsoft Visual Studio Solution File, Format Version 12.00
# Visual Studio Version 16
VisualStudioVersion = 16.0.0.0
MinimumVisualStudioVersion = 16.0.0.0
Project("{9A19103F-16F7-4668-BE54-9A1E7A4F7556}") = "Blazor.Contacts.Wasm.Server", "Blazor.Contacts.Wasm.Server\Blazor.Contacts.Wasm.Server.csproj", "{67670335-0FA0-4B0A-AEF2-0ADB8BC8F2AB}"
EndProject
Project("{9A19103F-16F7-4668-BE54-9A1E7A4F7556}") = "Blazor.Contacts.Wasm.Client", "Blazor.Contacts.Wasm.Client\Blazor.Contacts.Wasm.Client.csproj", "{664FD237-E880-4753-B07E-C605FCA043AB}"
EndProject
Project("{9A19103F-16F7-4668-BE54-9A1E7A4F7556}") = "Blazor.Contacts.Wasm.Shared", "Blazor.Contacts.Wasm.Shared\Blazor.Contacts.Wasm.Shared.csproj", "{045BA60C-10BA-4484-B3F7-B2A745A4393C}"
EndProject
Global
	GlobalSection(SolutionConfigurationPlatforms) = preSolution
		Debug|Any CPU = Debug|Any CPU
		Debug|x64 = Debug|x64
		Debug|x86 = Debug|x86
		Release|Any CPU = Release|Any CPU
		Release|x64 = Release|x64
		Release|x86 = Release|x86
	EndGlobalSection
	GlobalSection(ProjectConfigurationPlatforms) = postSolution
		{664FD237-E880-4753-B07E-C605FCA043AB}.Debug|Any CPU.ActiveCfg = Debug|Any CPU
		{664FD237-E880-4753-B07E-C605FCA043AB}.Debug|Any CPU.Build.0 = Debug|Any CPU
		{664FD237-E880-4753-B07E-C605FCA043AB}.Debug|x64.ActiveCfg = Debug|Any CPU
		{664FD237-E880-4753-B07E-C605FCA043AB}.Debug|x64.Build.0 = Debug|Any CPU
		{664FD237-E880-4753-B07E-C605FCA043AB}.Debug|x86.ActiveCfg = Debug|Any CPU
		{664FD237-E880-4753-B07E-C605FCA043AB}.Debug|x86.Build.0 = Debug|Any CPU
		{664FD237-E880-4753-B07E-C605FCA043AB}.Release|Any CPU.ActiveCfg = Release|Any CPU
		{664FD237-E880-4753-B07E-C605FCA043AB}.Release|Any CPU.Build.0 = Release|Any CPU
		{664FD237-E880-4753-B07E-C605FCA043AB}.Release|x64.ActiveCfg = Release|Any CPU
		{664FD237-E880-4753-B07E-C605FCA043AB}.Release|x64.Build.0 = Release|Any CPU
		{664FD237-E880-4753-B07E-C605FCA043AB}.Release|x86.ActiveCfg = Release|Any CPU
		{664FD237-E880-4753-B07E-C605FCA043AB}.Release|x86.Build.0 = Release|Any CPU
		{67670335-0FA0-4B0A-AEF2-0ADB8BC8F2AB}.Debug|Any CPU.ActiveCfg = Debug|Any CPU
		{67670335-0FA0-4B0A-AEF2-0ADB8BC8F2AB}.Debug|Any CPU.Build.0 = Debug|Any CPU
		{67670335-0FA0-4B0A-AEF2-0ADB8BC8F2AB}.Debug|x64.ActiveCfg = Debug|Any CPU
		{67670335-0FA0-4B0A-AEF2-0ADB8BC8F2AB}.Debug|x64.Build.0 = Debug|Any CPU
		{67670335-0FA0-4B0A-AEF2-0ADB8BC8F2AB}.Debug|x86.ActiveCfg = Debug|Any CPU
		{67670335-0FA0-4B0A-AEF2-0ADB8BC8F2AB}.Debug|x86.Build.0 = Debug|Any CPU
		{67670335-0FA0-4B0A-AEF2-0ADB8BC8F2AB}.Release|Any CPU.ActiveCfg = Release|Any CPU
		{67670335-0FA0-4B0A-AEF2-0ADB8BC8F2AB}.Release|Any CPU.Build.0 = Release|Any CPU
		{67670335-0FA0-4B0A-AEF2-0ADB8BC8F2AB}.Release|x64.ActiveCfg = Release|Any CPU
		{67670335-0FA0-4B0A-AEF2-0ADB8BC8F2AB}.Release|x64.Build.0 = Release|Any CPU
		{67670335-0FA0-4B0A-AEF2-0ADB8BC8F2AB}.Release|x86.ActiveCfg = Release|Any CPU
		{67670335-0FA0-4B0A-AEF2-0ADB8BC8F2AB}.Release|x86.Build.0 = Release|Any CPU
		{045BA60C-10BA-4484-B3F7-B2A745A4393C}.Debug|Any CPU.ActiveCfg = Debug|Any CPU
		{045BA60C-10BA-4484-B3F7-B2A745A4393C}.Debug|Any CPU.Build.0 = Debug|Any CPU
		{045BA60C-10BA-4484-B3F7-B2A745A4393C}.Debug|x64.ActiveCfg = Debug|Any CPU
		{045BA60C-10BA-4484-B3F7-B2A745A4393C}.Debug|x64.Build.0 = Debug|Any CPU
		{045BA60C-10BA-4484-B3F7-B2A745A4393C}.Debug|x86.ActiveCfg = Debug|Any CPU
		{045BA60C-10BA-4484-B3F7-B2A745A4393C}.Debug|x86.Build.0 = Debug|Any CPU
		{045BA60C-10BA-4484-B3F7-B2A745A4393C}.Release|Any CPU.ActiveCfg = Release|Any CPU
		{045BA60C-10BA-4484-B3F7-B2A745A4393C}.Release|Any CPU.Build.0 = Release|Any CPU
		{045BA60C-10BA-4484-B3F7-B2A745A4393C}.Release|x64.ActiveCfg = Release|Any CPU
		{045BA60C-10BA-4484-B3F7-B2A745A4393C}.Release|x64.Build.0 = Release|Any CPU
		{045BA60C-10BA-4484-B3F7-B2A745A4393C}.Release|x86.ActiveCfg = Release|Any CPU
		{045BA60C-10BA-4484-B3F7-B2A745A4393C}.Release|x86.Build.0 = Release|Any CPU
	EndGlobalSection
	GlobalSection(SolutionProperties) = preSolution
		HideSolutionNode = FALSE
	EndGlobalSection
	GlobalSection(ExtensibilityGlobals) = postSolution
		SolutionGuid = {4419ADBA-178A-4DEE-9A39-200513D94184}
	EndGlobalSection
EndGlobal
